
Microsoft Visual Studio Solution File, Format Version 12.00
# Visual Studio Version 17
VisualStudioVersion = 17.3.32901.215
MinimumVisualStudioVersion = 10.0.40219.1
Project("{9A19103F-16F7-4668-BE54-9A1E7A4F7556}") = "WebApiLoteria", "WebApiLoteria.csproj", "{95520D3D-1F02-4E57-A0AE-A7DC7C44CAA0}"
EndProject
Global
	GlobalSection(SolutionConfigurationPlatforms) = preSolution
		Debug|Any CPU = Debug|Any CPU
		Release|Any CPU = Release|Any CPU
	EndGlobalSection
	GlobalSection(ProjectConfigurationPlatforms) = postSolution
		{95520D3D-1F02-4E57-A0AE-A7DC7C44CAA0}.Debug|Any CPU.ActiveCfg = Debug|Any CPU
		{95520D3D-1F02-4E57-A0AE-A7DC7C44CAA0}.Debug|Any CPU.Build.0 = Debug|Any CPU
		{95520D3D-1F02-4E57-A0AE-A7DC7C44CAA0}.Release|Any CPU.ActiveCfg = Release|Any CPU
		{95520D3D-1F02-4E57-A0AE-A7DC7C44CAA0}.Release|Any CPU.Build.0 = Release|Any CPU
	EndGlobalSection
	GlobalSection(SolutionProperties) = preSolution
		HideSolutionNode = FALSE
	EndGlobalSection
	GlobalSection(ExtensibilityGlobals) = postSolution
		SolutionGuid = {E0B5FD2B-7D52-4087-8408-309C288CDD5F}
	EndGlobalSection
EndGlobal
